
Microsoft Visual Studio Solution File, Format Version 12.00
# Visual Studio Version 16
VisualStudioVersion = 16.0.29001.49
MinimumVisualStudioVersion = 10.0.40219.1
Project("{FAE04EC0-301F-11D3-BF4B-00C04F79EFBC}") = "move picture", "move picture\move picture.csproj", "{F18967EE-DB46-4BB8-9FFC-4687E33C3CF2}"
EndProject
Global
	GlobalSection(SolutionConfigurationPlatforms) = preSolution
		Debug|Any CPU = Debug|Any CPU
		Release|Any CPU = Release|Any CPU
	EndGlobalSection
	GlobalSection(ProjectConfigurationPlatforms) = postSolution
		{F18967EE-DB46-4BB8-9FFC-4687E33C3CF2}.Debug|Any CPU.ActiveCfg = Debug|Any CPU
		{F18967EE-DB46-4BB8-9FFC-4687E33C3CF2}.Debug|Any CPU.Build.0 = Debug|Any CPU
		{F18967EE-DB46-4BB8-9FFC-4687E33C3CF2}.Release|Any CPU.ActiveCfg = Release|Any CPU
		{F18967EE-DB46-4BB8-9FFC-4687E33C3CF2}.Release|Any CPU.Build.0 = Release|Any CPU
	EndGlobalSection
	GlobalSection(SolutionProperties) = preSolution
		HideSolutionNode = FALSE
	EndGlobalSection
	GlobalSection(ExtensibilityGlobals) = postSolution
		SolutionGuid = {D33A8CBF-22A7-4238-8F1D-0344B63B7A47}
	EndGlobalSection
EndGlobal
